// !$*UTF8*$!
{
	archiveVersion = 1;
	classes = {
	};
	objectVersion = 51;
	objects = {

/* Begin PBXBuildFile section */
		0D9996F45B76602524EF79BC /* Pods_z2a_expenses.framework in Frameworks */ = {isa = PBXBuildFile; fileRef = 93044D7E680F7D3B4B0C178E /* Pods_z2a_expenses.framework */; };
		D87B4BD3226F999B00062320 /* AppDelegate.swift in Sources */ = {isa = PBXBuildFile; fileRef = D87B4BD2226F999B00062320 /* AppDelegate.swift */; };
		D87B4BD5226F999B00062320 /* ViewController.swift in Sources */ = {isa = PBXBuildFile; fileRef = D87B4BD4226F999B00062320 /* ViewController.swift */; };
		D87B4BD8226F999B00062320 /* Main.storyboard in Resources */ = {isa = PBXBuildFile; fileRef = D87B4BD6226F999B00062320 /* Main.storyboard */; };
		D87B4BDA226F999C00062320 /* Assets.xcassets in Resources */ = {isa = PBXBuildFile; fileRef = D87B4BD9226F999C00062320 /* Assets.xcassets */; };
		D87B4BDD226F999C00062320 /* LaunchScreen.storyboard in Resources */ = {isa = PBXBuildFile; fileRef = D87B4BDB226F999C00062320 /* LaunchScreen.storyboard */; };
		D8801A57226F9C5800494952 /* GoogleService-Info.plist in Resources */ = {isa = PBXBuildFile; fileRef = D8801A56226F9C5800494952 /* GoogleService-Info.plist */; };
/* End PBXBuildFile section */

/* Begin PBXFileReference section */
		4DE88341D01400BFDC7A220E /* Pods-z2a-expenses.debug.xcconfig */ = {isa = PBXFileReference; includeInIndex = 1; lastKnownFileType = text.xcconfig; name = "Pods-z2a-expenses.debug.xcconfig"; path = "Target Support Files/Pods-z2a-expenses/Pods-z2a-expenses.debug.xcconfig"; sourceTree = "<group>"; };
		93044D7E680F7D3B4B0C178E /* Pods_z2a_expenses.framework */ = {isa = PBXFileReference; explicitFileType = wrapper.framework; includeInIndex = 0; path = Pods_z2a_expenses.framework; sourceTree = BUILT_PRODUCTS_DIR; };
		B8ABF97ECD6E015D33F94751 /* Pods-z2a-expenses.release.xcconfig */ = {isa = PBXFileReference; includeInIndex = 1; lastKnownFileType = text.xcconfig; name = "Pods-z2a-expenses.release.xcconfig"; path = "Target Support Files/Pods-z2a-expenses/Pods-z2a-expenses.release.xcconfig"; sourceTree = "<group>"; };
		D87B4BCF226F999B00062320 /* z2a-expenses.app */ = {isa = PBXFileReference; explicitFileType = wrapper.application; includeInIndex = 0; path = "z2a-expenses.app"; sourceTree = BUILT_PRODUCTS_DIR; };
		D87B4BD2226F999B00062320 /* AppDelegate.swift */ = {isa = PBXFileReference; lastKnownFileType = sourcecode.swift; path = AppDelegate.swift; sourceTree = "<group>"; };
		D87B4BD4226F999B00062320 /* ViewController.swift */ = {isa = PBXFileReference; lastKnownFileType = sourcecode.swift; path = ViewController.swift; sourceTree = "<group>"; };
		D87B4BD7226F999B00062320 /* Base */ = {isa = PBXFileReference; lastKnownFileType = file.storyboard; name = Base; path = Base.lproj/Main.storyboard; sourceTree = "<group>"; };
		D87B4BD9226F999C00062320 /* Assets.xcassets */ = {isa = PBXFileReference; lastKnownFileType = folder.assetcatalog; path = Assets.xcassets; sourceTree = "<group>"; };
		D87B4BDC226F999C00062320 /* Base */ = {isa = PBXFileReference; lastKnownFileType = file.storyboard; name = Base; path = Base.lproj/LaunchScreen.storyboard; sourceTree = "<group>"; };
		D87B4BDE226F999C00062320 /* Info.plist */ = {isa = PBXFileReference; lastKnownFileType = text.plist.xml; path = Info.plist; sourceTree = "<group>"; };
		D8801A56226F9C5800494952 /* GoogleService-Info.plist */ = {isa = PBXFileReference; fileEncoding = 4; lastKnownFileType = text.plist.xml; path = "GoogleService-Info.plist"; sourceTree = "<group>"; };
/* End PBXFileReference section */

/* Begin PBXFrameworksBuildPhase section */
		D87B4BCC226F999B00062320 /* Frameworks */ = {
			isa = PBXFrameworksBuildPhase;
			buildActionMask = 2147483647;
			files = (
				0D9996F45B76602524EF79BC /* Pods_z2a_expenses.framework in Frameworks */,
			);
			runOnlyForDeploymentPostprocessing = 0;
		};
/* End PBXFrameworksBuildPhase section */

/* Begin PBXGroup section */
		5EE6FE9E7B8867C2CCC4E514 /* Frameworks */ = {
			isa = PBXGroup;
			children = (
				93044D7E680F7D3B4B0C178E /* Pods_z2a_expenses.framework */,
			);
			name = Frameworks;
			sourceTree = "<group>";
		};
		BB74E898301065488D98C638 /* Pods */ = {
			isa = PBXGroup;
			children = (
				4DE88341D01400BFDC7A220E /* Pods-z2a-expenses.debug.xcconfig */,
				B8ABF97ECD6E015D33F94751 /* Pods-z2a-expenses.release.xcconfig */,
			);
			path = Pods;
			sourceTree = "<group>";
		};
		D87B4BC6226F999B00062320 = {
			isa = PBXGroup;
			children = (
				D87B4BD1226F999B00062320 /* z2a-expenses */,
				D87B4BD0226F999B00062320 /* Products */,
				BB74E898301065488D98C638 /* Pods */,
				5EE6FE9E7B8867C2CCC4E514 /* Frameworks */,
			);
			sourceTree = "<group>";
		};
		D87B4BD0226F999B00062320 /* Products */ = {
			isa = PBXGroup;
			children = (
				D87B4BCF226F999B00062320 /* z2a-expenses.app */,
			);
			name = Products;
			sourceTree = "<group>";
		};
		D87B4BD1226F999B00062320 /* z2a-expenses */ = {
			isa = PBXGroup;
			children = (
				D8801A56226F9C5800494952 /* GoogleService-Info.plist */,
				D87B4BD2226F999B00062320 /* AppDelegate.swift */,
				D87B4BD4226F999B00062320 /* ViewController.swift */,
				D87B4BD6226F999B00062320 /* Main.storyboard */,
				D87B4BD9226F999C00062320 /* Assets.xcassets */,
				D87B4BDB226F999C00062320 /* LaunchScreen.storyboard */,
				D87B4BDE226F999C00062320 /* Info.plist */,
			);
			path = "z2a-expenses";
			sourceTree = "<group>";
		};
/* End PBXGroup section */

/* Begin PBXNativeTarget section */
		D87B4BCE226F999B00062320 /* z2a-expenses */ = {
			isa = PBXNativeTarget;
			buildConfigurationList = D87B4BE1226F999C00062320 /* Build configuration list for PBXNativeTarget "z2a-expenses" */;
			buildPhases = (
				DA5AEEC3D565150590EBBAB0 /* [CP] Check Pods Manifest.lock */,
				D87B4BCB226F999B00062320 /* Sources */,
				D87B4BCC226F999B00062320 /* Frameworks */,
				D87B4BCD226F999B00062320 /* Resources */,
				C561F39F2589E443FD779349 /* [CP] Embed Pods Frameworks */,
				4147CE4AE07CD890785A7F60 /* [CP] Copy Pods Resources */,
			);
			buildRules = (
			);
			dependencies = (
			);
			name = "z2a-expenses";
			productName = "z2a-expenses";
			productReference = D87B4BCF226F999B00062320 /* z2a-expenses.app */;
			productType = "com.apple.product-type.application";
		};
/* End PBXNativeTarget section */

/* Begin PBXProject section */
		D87B4BC7226F999B00062320 /* Project object */ = {
			isa = PBXProject;
			attributes = {
				LastSwiftUpdateCheck = 1000;
				LastUpgradeCheck = 1000;
				ORGANIZATIONNAME = Firebase;
				TargetAttributes = {
					D87B4BCE226F999B00062320 = {
						CreatedOnToolsVersion = 10.0;
					};
				};
			};
			buildConfigurationList = D87B4BCA226F999B00062320 /* Build configuration list for PBXProject "z2a-expenses" */;
			compatibilityVersion = "Xcode 9.3";
			developmentRegion = en;
			hasScannedForEncodings = 0;
			knownRegions = (
				en,
				Base,
			);
			mainGroup = D87B4BC6226F999B00062320;
			productRefGroup = D87B4BD0226F999B00062320 /* Products */;
			projectDirPath = "";
			projectRoot = "";
			targets = (
				D87B4BCE226F999B00062320 /* z2a-expenses */,
			);
		};
/* End PBXProject section */

/* Begin PBXResourcesBuildPhase section */
		D87B4BCD226F999B00062320 /* Resources */ = {
			isa = PBXResourcesBuildPhase;
			buildActionMask = 2147483647;
			files = (
				D87B4BDD226F999C00062320 /* LaunchScreen.storyboard in Resources */,
				D8801A57226F9C5800494952 /* GoogleService-Info.plist in Resources */,
				D87B4BDA226F999C00062320 /* Assets.xcassets in Resources */,
				D87B4BD8226F999B00062320 /* Main.storyboard in Resources */,
			);
			runOnlyForDeploymentPostprocessing = 0;
		};
/* End PBXResourcesBuildPhase section */

/* Begin PBXShellScriptBuildPhase section */
		4147CE4AE07CD890785A7F60 /* [CP] Copy Pods Resources */ = {
			isa = PBXShellScriptBuildPhase;
			buildActionMask = 2147483647;
			files = (
			);
			inputFileListPaths = (
				"${PODS_ROOT}/Target Support Files/Pods-z2a-expenses/Pods-z2a-expenses-resources-${CONFIGURATION}-input-files.xcfilelist",
			);
			name = "[CP] Copy Pods Resources";
			outputFileListPaths = (
				"${PODS_ROOT}/Target Support Files/Pods-z2a-expenses/Pods-z2a-expenses-resources-${CONFIGURATION}-output-files.xcfilelist",
			);
			runOnlyForDeploymentPostprocessing = 0;
			shellPath = /bin/sh;
			shellScript = "\"${PODS_ROOT}/Target Support Files/Pods-z2a-expenses/Pods-z2a-expenses-resources.sh\"\n";
			showEnvVarsInLog = 0;
		};
		C561F39F2589E443FD779349 /* [CP] Embed Pods Frameworks */ = {
			isa = PBXShellScriptBuildPhase;
			buildActionMask = 2147483647;
			files = (
			);
			inputFileListPaths = (
				"${PODS_ROOT}/Target Support Files/Pods-z2a-expenses/Pods-z2a-expenses-frameworks-${CONFIGURATION}-input-files.xcfilelist",
			);
			name = "[CP] Embed Pods Frameworks";
			outputFileListPaths = (
				"${PODS_ROOT}/Target Support Files/Pods-z2a-expenses/Pods-z2a-expenses-frameworks-${CONFIGURATION}-output-files.xcfilelist",
			);
			runOnlyForDeploymentPostprocessing = 0;
			shellPath = /bin/sh;
			shellScript = "\"${PODS_ROOT}/Target Support Files/Pods-z2a-expenses/Pods-z2a-expenses-frameworks.sh\"\n";
			showEnvVarsInLog = 0;
		};
		DA5AEEC3D565150590EBBAB0 /* [CP] Check Pods Manifest.lock */ = {
			isa = PBXShellScriptBuildPhase;
			buildActionMask = 2147483647;
			files = (
			);
			inputFileListPaths = (
			);
			inputPaths = (
				"${PODS_PODFILE_DIR_PATH}/Podfile.lock",
				"${PODS_ROOT}/Manifest.lock",
			);
			name = "[CP] Check Pods Manifest.lock";
			outputFileListPaths = (
			);
			outputPaths = (
				"$(DERIVED_FILE_DIR)/Pods-z2a-expenses-checkManifestLockResult.txt",
			);
			runOnlyForDeploymentPostprocessing = 0;
			shellPath = /bin/sh;
			shellScript = "diff \"${PODS_PODFILE_DIR_PATH}/Podfile.lock\" \"${PODS_ROOT}/Manifest.lock\" > /dev/null\nif [ $? != 0 ] ; then\n    # print error to STDERR\n    echo \"error: The sandbox is not in sync with the Podfile.lock. Run 'pod install' or update your CocoaPods installation.\" >&2\n    exit 1\nfi\n# This output is used by Xcode 'outputs' to avoid re-running this script phase.\necho \"SUCCESS\" > \"${SCRIPT_OUTPUT_FILE_0}\"\n";
			showEnvVarsInLog = 0;
		};
/* End PBXShellScriptBuildPhase section */

/* Begin PBXSourcesBuildPhase section */
		D87B4BCB226F999B00062320 /* Sources */ = {
			isa = PBXSourcesBuildPhase;
			buildActionMask = 2147483647;
			files = (
				D87B4BD5226F999B00062320 /* ViewController.swift in Sources */,
				D87B4BD3226F999B00062320 /* AppDelegate.swift in Sources */,
			);
			runOnlyForDeploymentPostprocessing = 0;
		};
/* End PBXSourcesBuildPhase section */

/* Begin PBXVariantGroup section */
		D87B4BD6226F999B00062320 /* Main.storyboard */ = {
			isa = PBXVariantGroup;
			children = (
				D87B4BD7226F999B00062320 /* Base */,
			);
			name = Main.storyboard;
			sourceTree = "<group>";
		};
		D87B4BDB226F999C00062320 /* LaunchScreen.storyboard */ = {
			isa = PBXVariantGroup;
			children = (
				D87B4BDC226F999C00062320 /* Base */,
			);
			name = LaunchScreen.storyboard;
			sourceTree = "<group>";
		};
/* End PBXVariantGroup section */

/* Begin XCBuildConfiguration section */
		D87B4BDF226F999C00062320 /* Debug */ = {
			isa = XCBuildConfiguration;
			buildSettings = {
				ALWAYS_SEARCH_USER_PATHS = NO;
				CLANG_ANALYZER_NONNULL = YES;
				CLANG_ANALYZER_NUMBER_OBJECT_CONVERSION = YES_AGGRESSIVE;
				CLANG_CXX_LANGUAGE_STANDARD = "gnu++14";
				CLANG_CXX_LIBRARY = "libc++";
				CLANG_ENABLE_MODULES = YES;
				CLANG_ENABLE_OBJC_ARC = YES;
				CLANG_ENABLE_OBJC_WEAK = YES;
				CLANG_WARN_BLOCK_CAPTURE_AUTORELEASING = YES;
				CLANG_WARN_BOOL_CONVERSION = YES;
				CLANG_WARN_COMMA = YES;
				CLANG_WARN_CONSTANT_CONVERSION = YES;
				CLANG_WARN_DEPRECATED_OBJC_IMPLEMENTATIONS = YES;
				CLANG_WARN_DIRECT_OBJC_ISA_USAGE = YES_ERROR;
				CLANG_WARN_DOCUMENTATION_COMMENTS = YES;
				CLANG_WARN_EMPTY_BODY = YES;
				CLANG_WARN_ENUM_CONVERSION = YES;
				CLANG_WARN_INFINITE_RECURSION = YES;
				CLANG_WARN_INT_CONVERSION = YES;
				CLANG_WARN_NON_LITERAL_NULL_CONVERSION = YES;
				CLANG_WARN_OBJC_IMPLICIT_RETAIN_SELF = YES;
				CLANG_WARN_OBJC_LITERAL_CONVERSION = YES;
				CLANG_WARN_OBJC_ROOT_CLASS = YES_ERROR;
				CLANG_WARN_RANGE_LOOP_ANALYSIS = YES;
				CLANG_WARN_STRICT_PROTOTYPES = YES;
				CLANG_WARN_SUSPICIOUS_MOVE = YES;
				CLANG_WARN_UNGUARDED_AVAILABILITY = YES_AGGRESSIVE;
				CLANG_WARN_UNREACHABLE_CODE = YES;
				CLANG_WARN__DUPLICATE_METHOD_MATCH = YES;
				CODE_SIGN_IDENTITY = "iPhone Developer";
				COPY_PHASE_STRIP = NO;
				DEBUG_INFORMATION_FORMAT = dwarf;
				ENABLE_STRICT_OBJC_MSGSEND = YES;
				ENABLE_TESTABILITY = YES;
				GCC_C_LANGUAGE_STANDARD = gnu11;
				GCC_DYNAMIC_NO_PIC = NO;
				GCC_NO_COMMON_BLOCKS = YES;
				GCC_OPTIMIZATION_LEVEL = 0;
				GCC_PREPROCESSOR_DEFINITIONS = (
					"DEBUG=1",
					"$(inherited)",
				);
				GCC_WARN_64_TO_32_BIT_CONVERSION = YES;
				GCC_WARN_ABOUT_RETURN_TYPE = YES_ERROR;
				GCC_WARN_UNDECLARED_SELECTOR = YES;
				GCC_WARN_UNINITIALIZED_AUTOS = YES_AGGRESSIVE;
				GCC_WARN_UNUSED_FUNCTION = YES;
				GCC_WARN_UNUSED_VARIABLE = YES;
				IPHONEOS_DEPLOYMENT_TARGET = 12.0;
				MTL_ENABLE_DEBUG_INFO = INCLUDE_SOURCE;
				MTL_FAST_MATH = YES;
				ONLY_ACTIVE_ARCH = YES;
				SDKROOT = iphoneos;
				SWIFT_ACTIVE_COMPILATION_CONDITIONS = DEBUG;
				SWIFT_OPTIMIZATION_LEVEL = "-Onone";
			};
			name = Debug;
		};
		D87B4BE0226F999C00062320 /* Release */ = {
			isa = XCBuildConfiguration;
			buildSettings = {
				ALWAYS_SEARCH_USER_PATHS = NO;
				CLANG_ANALYZER_NONNULL = YES;
				CLANG_ANALYZER_NUMBER_OBJECT_CONVERSION = YES_AGGRESSIVE;
				CLANG_CXX_LANGUAGE_STANDARD = "gnu++14";
				CLANG_CXX_LIBRARY = "libc++";
				CLANG_ENABLE_MODULES = YES;
				CLANG_ENABLE_OBJC_ARC = YES;
				CLANG_ENABLE_OBJC_WEAK = YES;
				CLANG_WARN_BLOCK_CAPTURE_AUTORELEASING = YES;
				CLANG_WARN_BOOL_CONVERSION = YES;
				CLANG_WARN_COMMA = YES;
				CLANG_WARN_CONSTANT_CONVERSION = YES;
				CLANG_WARN_DEPRECATED_OBJC_IMPLEMENTATIONS = YES;
				CLANG_WARN_DIRECT_OBJC_ISA_USAGE = YES_ERROR;
				CLANG_WARN_DOCUMENTATION_COMMENTS = YES;
				CLANG_WARN_EMPTY_BODY = YES;
				CLANG_WARN_ENUM_CONVERSION = YES;
				CLANG_WARN_INFINITE_RECURSION = YES;
				CLANG_WARN_INT_CONVERSION = YES;
				CLANG_WARN_NON_LITERAL_NULL_CONVERSION = YES;
				CLANG_WARN_OBJC_IMPLICIT_RETAIN_SELF = YES;
				CLANG_WARN_OBJC_LITERAL_CONVERSION = YES;
				CLANG_WARN_OBJC_ROOT_CLASS = YES_ERROR;
				CLANG_WARN_RANGE_LOOP_ANALYSIS = YES;
				CLANG_WARN_STRICT_PROTOTYPES = YES;
				CLANG_WARN_SUSPICIOUS_MOVE = YES;
				CLANG_WARN_UNGUARDED_AVAILABILITY = YES_AGGRESSIVE;
				CLANG_WARN_UNREACHABLE_CODE = YES;
				CLANG_WARN__DUPLICATE_METHOD_MATCH = YES;
				CODE_SIGN_IDENTITY = "iPhone Developer";
				COPY_PHASE_STRIP = NO;
				DEBUG_INFORMATION_FORMAT = "dwarf-with-dsym";
				ENABLE_NS_ASSERTIONS = NO;
				ENABLE_STRICT_OBJC_MSGSEND = YES;
				GCC_C_LANGUAGE_STANDARD = gnu11;
				GCC_NO_COMMON_BLOCKS = YES;
				GCC_WARN_64_TO_32_BIT_CONVERSION = YES;
				GCC_WARN_ABOUT_RETURN_TYPE = YES_ERROR;
				GCC_WARN_UNDECLARED_SELECTOR = YES;
				GCC_WARN_UNINITIALIZED_AUTOS = YES_AGGRESSIVE;
				GCC_WARN_UNUSED_FUNCTION = YES;
				GCC_WARN_UNUSED_VARIABLE = YES;
				IPHONEOS_DEPLOYMENT_TARGET = 12.0;
				MTL_ENABLE_DEBUG_INFO = NO;
				MTL_FAST_MATH = YES;
				SDKROOT = iphoneos;
				SWIFT_COMPILATION_MODE = wholemodule;
				SWIFT_OPTIMIZATION_LEVEL = "-O";
				VALIDATE_PRODUCT = YES;
			};
			name = Release;
		};
		D87B4BE2226F999C00062320 /* Debug */ = {
			isa = XCBuildConfiguration;
			baseConfigurationReference = 4DE88341D01400BFDC7A220E /* Pods-z2a-expenses.debug.xcconfig */;
			buildSettings = {
				ASSETCATALOG_COMPILER_APPICON_NAME = AppIcon;
				CODE_SIGN_STYLE = Automatic;
				DEVELOPMENT_TEAM = QMEDZ5P47M;
				INFOPLIST_FILE = "z2a-expenses/Info.plist";
				LD_RUNPATH_SEARCH_PATHS = (
					"$(inherited)",
					"@executable_path/Frameworks",
				);
				PRODUCT_BUNDLE_IDENTIFIER = "com.firebase.z2a-expenses";
				PRODUCT_NAME = "$(TARGET_NAME)";
				SWIFT_VERSION = 4.2;
				TARGETED_DEVICE_FAMILY = "1,2";
			};
			name = Debug;
		};
		D87B4BE3226F999C00062320 /* Release */ = {
			isa = XCBuildConfiguration;
			baseConfigurationReference = B8ABF97ECD6E015D33F94751 /* Pods-z2a-expenses.release.xcconfig */;
			buildSettings = {
				ASSETCATALOG_COMPILER_APPICON_NAME = AppIcon;
				CODE_SIGN_STYLE = Automatic;
				DEVELOPMENT_TEAM = QMEDZ5P47M;
				INFOPLIST_FILE = "z2a-expenses/Info.plist";
				LD_RUNPATH_SEARCH_PATHS = (
					"$(inherited)",
					"@executable_path/Frameworks",
				);
				PRODUCT_BUNDLE_IDENTIFIER = "com.firebase.z2a-expenses";
				PRODUCT_NAME = "$(TARGET_NAME)";
				SWIFT_VERSION = 4.2;
				TARGETED_DEVICE_FAMILY = "1,2";
			};
			name = Release;
		};
/* End XCBuildConfiguration section */

/* Begin XCConfigurationList section */
		D87B4BCA226F999B00062320 /* Build configuration list for PBXProject "z2a-expenses" */ = {
			isa = XCConfigurationList;
			buildConfigurations = (
				D87B4BDF226F999C00062320 /* Debug */,
				D87B4BE0226F999C00062320 /* Release */,
			);
			defaultConfigurationIsVisible = 0;
			defaultConfigurationName = Release;
		};
		D87B4BE1226F999C00062320 /* Build configuration list for PBXNativeTarget "z2a-expenses" */ = {
			isa = XCConfigurationList;
			buildConfigurations = (
				D87B4BE2226F999C00062320 /* Debug */,
				D87B4BE3226F999C00062320 /* Release */,
			);
			defaultConfigurationIsVisible = 0;
			defaultConfigurationName = Release;
		};
/* End XCConfigurationList section */
	};
	rootObject = D87B4BC7226F999B00062320 /* Project object */;
}
